// !$*UTF8*$!
{
	archiveVersion = 1;
	classes = {
	};
	objectVersion = 56;
	objects = {

/* Begin PBXBuildFile section */
		B911EBD32C467939002FE790 /* FirebaseAuth in Frameworks */ = {isa = PBXBuildFile; productRef = B911EBD22C467939002FE790 /* FirebaseAuth */; };
		B911EBD52C467939002FE790 /* FirebaseAuthCombine-Community in Frameworks */ = {isa = PBXBuildFile; productRef = B911EBD42C467939002FE790 /* FirebaseAuthCombine-Community */; };
		B911EBD72C467E42002FE790 /* GoogleService-Info.plist in Resources */ = {isa = PBXBuildFile; fileRef = B911EBD62C467E42002FE790 /* GoogleService-Info.plist */; };
		B911EBD92C467FE6002FE790 /* mainScreen.swift in Sources */ = {isa = PBXBuildFile; fileRef = B911EBD82C467FE6002FE790 /* mainScreen.swift */; };
		B996097C2C4641DE00BEDC03 /* AppDelegate.swift in Sources */ = {isa = PBXBuildFile; fileRef = B996097B2C4641DE00BEDC03 /* AppDelegate.swift */; };
		B996097E2C4641DE00BEDC03 /* SceneDelegate.swift in Sources */ = {isa = PBXBuildFile; fileRef = B996097D2C4641DE00BEDC03 /* SceneDelegate.swift */; };
		B99609802C4641DE00BEDC03 /* ViewController.swift in Sources */ = {isa = PBXBuildFile; fileRef = B996097F2C4641DE00BEDC03 /* ViewController.swift */; };
		B99609832C4641DE00BEDC03 /* Base in Resources */ = {isa = PBXBuildFile; fileRef = B99609822C4641DE00BEDC03 /* Base */; };
		B99609862C4641DE00BEDC03 /* ToDoApp.xcdatamodeld in Sources */ = {isa = PBXBuildFile; fileRef = B99609842C4641DE00BEDC03 /* ToDoApp.xcdatamodeld */; };
		B99609882C4641E000BEDC03 /* Assets.xcassets in Resources */ = {isa = PBXBuildFile; fileRef = B99609872C4641E000BEDC03 /* Assets.xcassets */; };
		B996098B2C4641E000BEDC03 /* Base in Resources */ = {isa = PBXBuildFile; fileRef = B996098A2C4641E000BEDC03 /* Base */; };
		B99609932C4650ED00BEDC03 /* SignUpPage.swift in Sources */ = {isa = PBXBuildFile; fileRef = B99609922C4650ED00BEDC03 /* SignUpPage.swift */; };
/* End PBXBuildFile section */

/* Begin PBXFileReference section */
		B911EBD62C467E42002FE790 /* GoogleService-Info.plist */ = {isa = PBXFileReference; fileEncoding = 4; lastKnownFileType = text.plist.xml; path = "GoogleService-Info.plist"; sourceTree = "<group>"; };
		B911EBD82C467FE6002FE790 /* mainScreen.swift */ = {isa = PBXFileReference; lastKnownFileType = sourcecode.swift; path = mainScreen.swift; sourceTree = "<group>"; };
		B99609782C4641DE00BEDC03 /* ToDoApp.app */ = {isa = PBXFileReference; explicitFileType = wrapper.application; includeInIndex = 0; path = ToDoApp.app; sourceTree = BUILT_PRODUCTS_DIR; };
		B996097B2C4641DE00BEDC03 /* AppDelegate.swift */ = {isa = PBXFileReference; lastKnownFileType = sourcecode.swift; path = AppDelegate.swift; sourceTree = "<group>"; };
		B996097D2C4641DE00BEDC03 /* SceneDelegate.swift */ = {isa = PBXFileReference; lastKnownFileType = sourcecode.swift; path = SceneDelegate.swift; sourceTree = "<group>"; };
		B996097F2C4641DE00BEDC03 /* ViewController.swift */ = {isa = PBXFileReference; lastKnownFileType = sourcecode.swift; path = ViewController.swift; sourceTree = "<group>"; };
		B99609822C4641DE00BEDC03 /* Base */ = {isa = PBXFileReference; lastKnownFileType = file.storyboard; name = Base; path = Base.lproj/Main.storyboard; sourceTree = "<group>"; };
		B99609852C4641DE00BEDC03 /* ToDoApp.xcdatamodel */ = {isa = PBXFileReference; lastKnownFileType = wrapper.xcdatamodel; path = ToDoApp.xcdatamodel; sourceTree = "<group>"; };
		B99609872C4641E000BEDC03 /* Assets.xcassets */ = {isa = PBXFileReference; lastKnownFileType = folder.assetcatalog; path = Assets.xcassets; sourceTree = "<group>"; };
		B996098A2C4641E000BEDC03 /* Base */ = {isa = PBXFileReference; lastKnownFileType = file.storyboard; name = Base; path = Base.lproj/LaunchScreen.storyboard; sourceTree = "<group>"; };
		B996098C2C4641E000BEDC03 /* Info.plist */ = {isa = PBXFileReference; lastKnownFileType = text.plist.xml; path = Info.plist; sourceTree = "<group>"; };
		B99609922C4650ED00BEDC03 /* SignUpPage.swift */ = {isa = PBXFileReference; lastKnownFileType = sourcecode.swift; path = SignUpPage.swift; sourceTree = "<group>"; };
/* End PBXFileReference section */

/* Begin PBXFrameworksBuildPhase section */
		B99609752C4641DE00BEDC03 /* Frameworks */ = {
			isa = PBXFrameworksBuildPhase;
			buildActionMask = 2147483647;
			files = (
				B911EBD32C467939002FE790 /* FirebaseAuth in Frameworks */,
				B911EBD52C467939002FE790 /* FirebaseAuthCombine-Community in Frameworks */,
			);
			runOnlyForDeploymentPostprocessing = 0;
		};
/* End PBXFrameworksBuildPhase section */

/* Begin PBXGroup section */
		B911EBDB2C4683D4002FE790 /* ViewModel */ = {
			isa = PBXGroup;
			children = (
				B99609922C4650ED00BEDC03 /* SignUpPage.swift */,
				B911EBD82C467FE6002FE790 /* mainScreen.swift */,
				B996097F2C4641DE00BEDC03 /* ViewController.swift */,
				B911EBDC2C4683ED002FE790 /* View */,
			);
			path = ViewModel;
			sourceTree = "<group>";
		};
		B911EBDC2C4683ED002FE790 /* View */ = {
			isa = PBXGroup;
			children = (
				B99609812C4641DE00BEDC03 /* Main.storyboard */,
				B99609892C4641E000BEDC03 /* LaunchScreen.storyboard */,
			);
			path = View;
			sourceTree = "<group>";
		};
		B996096F2C4641DE00BEDC03 = {
			isa = PBXGroup;
			children = (
				B996097A2C4641DE00BEDC03 /* ToDoApp */,
				B99609792C4641DE00BEDC03 /* Products */,
			);
			sourceTree = "<group>";
		};
		B99609792C4641DE00BEDC03 /* Products */ = {
			isa = PBXGroup;
			children = (
				B99609782C4641DE00BEDC03 /* ToDoApp.app */,
			);
			name = Products;
			sourceTree = "<group>";
		};
		B996097A2C4641DE00BEDC03 /* ToDoApp */ = {
			isa = PBXGroup;
			children = (
				B996097B2C4641DE00BEDC03 /* AppDelegate.swift */,
				B996097D2C4641DE00BEDC03 /* SceneDelegate.swift */,
				B911EBDB2C4683D4002FE790 /* ViewModel */,
				B99609872C4641E000BEDC03 /* Assets.xcassets */,
				B996098C2C4641E000BEDC03 /* Info.plist */,
				B911EBD62C467E42002FE790 /* GoogleService-Info.plist */,
				B99609842C4641DE00BEDC03 /* ToDoApp.xcdatamodeld */,
			);
			path = ToDoApp;
			sourceTree = "<group>";
		};
/* End PBXGroup section */

/* Begin PBXNativeTarget section */
		B99609772C4641DE00BEDC03 /* ToDoApp */ = {
			isa = PBXNativeTarget;
			buildConfigurationList = B996098F2C4641E000BEDC03 /* Build configuration list for PBXNativeTarget "ToDoApp" */;
			buildPhases = (
				B99609742C4641DE00BEDC03 /* Sources */,
				B99609752C4641DE00BEDC03 /* Frameworks */,
				B99609762C4641DE00BEDC03 /* Resources */,
			);
			buildRules = (
			);
			dependencies = (
			);
			name = ToDoApp;
			packageProductDependencies = (
				B911EBD22C467939002FE790 /* FirebaseAuth */,
				B911EBD42C467939002FE790 /* FirebaseAuthCombine-Community */,
			);
			productName = ToDoApp;
			productReference = B99609782C4641DE00BEDC03 /* ToDoApp.app */;
			productType = "com.apple.product-type.application";
		};
/* End PBXNativeTarget section */

/* Begin PBXProject section */
		B99609702C4641DE00BEDC03 /* Project object */ = {
			isa = PBXProject;
			attributes = {
				BuildIndependentTargetsInParallel = 1;
				LastSwiftUpdateCheck = 1540;
				LastUpgradeCheck = 1540;
				TargetAttributes = {
					B99609772C4641DE00BEDC03 = {
						CreatedOnToolsVersion = 15.4;
					};
				};
			};
			buildConfigurationList = B99609732C4641DE00BEDC03 /* Build configuration list for PBXProject "ToDoApp" */;
			compatibilityVersion = "Xcode 14.0";
			developmentRegion = en;
			hasScannedForEncodings = 0;
			knownRegions = (
				en,
				Base,
			);
			mainGroup = B996096F2C4641DE00BEDC03;
			packageReferences = (
				B911EBD12C467939002FE790 /* XCRemoteSwiftPackageReference "firebase-ios-sdk" */,
			);
			productRefGroup = B99609792C4641DE00BEDC03 /* Products */;
			projectDirPath = "";
			projectRoot = "";
			targets = (
				B99609772C4641DE00BEDC03 /* ToDoApp */,
			);
		};
/* End PBXProject section */

/* Begin PBXResourcesBuildPhase section */
		B99609762C4641DE00BEDC03 /* Resources */ = {
			isa = PBXResourcesBuildPhase;
			buildActionMask = 2147483647;
			files = (
				B99609882C4641E000BEDC03 /* Assets.xcassets in Resources */,
				B911EBD72C467E42002FE790 /* GoogleService-Info.plist in Resources */,
				B996098B2C4641E000BEDC03 /* Base in Resources */,
				B99609832C4641DE00BEDC03 /* Base in Resources */,
			);
			runOnlyForDeploymentPostprocessing = 0;
		};
/* End PBXResourcesBuildPhase section */

/* Begin PBXSourcesBuildPhase section */
		B99609742C4641DE00BEDC03 /* Sources */ = {
			isa = PBXSourcesBuildPhase;
			buildActionMask = 2147483647;
			files = (
				B99609802C4641DE00BEDC03 /* ViewController.swift in Sources */,
				B99609932C4650ED00BEDC03 /* SignUpPage.swift in Sources */,
				B996097C2C4641DE00BEDC03 /* AppDelegate.swift in Sources */,
				B996097E2C4641DE00BEDC03 /* SceneDelegate.swift in Sources */,
				B911EBD92C467FE6002FE790 /* mainScreen.swift in Sources */,
				B99609862C4641DE00BEDC03 /* ToDoApp.xcdatamodeld in Sources */,
			);
			runOnlyForDeploymentPostprocessing = 0;
		};
/* End PBXSourcesBuildPhase section */

/* Begin PBXVariantGroup section */
		B99609812C4641DE00BEDC03 /* Main.storyboard */ = {
			isa = PBXVariantGroup;
			children = (
				B99609822C4641DE00BEDC03 /* Base */,
			);
			name = Main.storyboard;
			sourceTree = "<group>";
		};
		B99609892C4641E000BEDC03 /* LaunchScreen.storyboard */ = {
			isa = PBXVariantGroup;
			children = (
				B996098A2C4641E000BEDC03 /* Base */,
			);
			name = LaunchScreen.storyboard;
			sourceTree = "<group>";
		};
/* End PBXVariantGroup section */

/* Begin XCBuildConfiguration section */
		B996098D2C4641E000BEDC03 /* Debug */ = {
			isa = XCBuildConfiguration;
			buildSettings = {
				ALWAYS_SEARCH_USER_PATHS = NO;
				ASSETCATALOG_COMPILER_GENERATE_SWIFT_ASSET_SYMBOL_EXTENSIONS = YES;
				CLANG_ANALYZER_NONNULL = YES;
				CLANG_ANALYZER_NUMBER_OBJECT_CONVERSION = YES_AGGRESSIVE;
				CLANG_CXX_LANGUAGE_STANDARD = "gnu++20";
				CLANG_ENABLE_MODULES = YES;
				CLANG_ENABLE_OBJC_ARC = YES;
				CLANG_ENABLE_OBJC_WEAK = YES;
				CLANG_WARN_BLOCK_CAPTURE_AUTORELEASING = YES;
				CLANG_WARN_BOOL_CONVERSION = YES;
				CLANG_WARN_COMMA = YES;
				CLANG_WARN_CONSTANT_CONVERSION = YES;
				CLANG_WARN_DEPRECATED_OBJC_IMPLEMENTATIONS = YES;
				CLANG_WARN_DIRECT_OBJC_ISA_USAGE = YES_ERROR;
				CLANG_WARN_DOCUMENTATION_COMMENTS = YES;
				CLANG_WARN_EMPTY_BODY = YES;
				CLANG_WARN_ENUM_CONVERSION = YES;
				CLANG_WARN_INFINITE_RECURSION = YES;
				CLANG_WARN_INT_CONVERSION = YES;
				CLANG_WARN_NON_LITERAL_NULL_CONVERSION = YES;
				CLANG_WARN_OBJC_IMPLICIT_RETAIN_SELF = YES;
				CLANG_WARN_OBJC_LITERAL_CONVERSION = YES;
				CLANG_WARN_OBJC_ROOT_CLASS = YES_ERROR;
				CLANG_WARN_QUOTED_INCLUDE_IN_FRAMEWORK_HEADER = YES;
				CLANG_WARN_RANGE_LOOP_ANALYSIS = YES;
				CLANG_WARN_STRICT_PROTOTYPES = YES;
				CLANG_WARN_SUSPICIOUS_MOVE = YES;
				CLANG_WARN_UNGUARDED_AVAILABILITY = YES_AGGRESSIVE;
				CLANG_WARN_UNREACHABLE_CODE = YES;
				CLANG_WARN__DUPLICATE_METHOD_MATCH = YES;
				COPY_PHASE_STRIP = NO;
				DEBUG_INFORMATION_FORMAT = dwarf;
				ENABLE_STRICT_OBJC_MSGSEND = YES;
				ENABLE_TESTABILITY = YES;
				ENABLE_USER_SCRIPT_SANDBOXING = YES;
				GCC_C_LANGUAGE_STANDARD = gnu17;
				GCC_DYNAMIC_NO_PIC = NO;
				GCC_NO_COMMON_BLOCKS = YES;
				GCC_OPTIMIZATION_LEVEL = 0;
				GCC_PREPROCESSOR_DEFINITIONS = (
					"DEBUG=1",
					"$(inherited)",
				);
				GCC_WARN_64_TO_32_BIT_CONVERSION = YES;
				GCC_WARN_ABOUT_RETURN_TYPE = YES_ERROR;
				GCC_WARN_UNDECLARED_SELECTOR = YES;
				GCC_WARN_UNINITIALIZED_AUTOS = YES_AGGRESSIVE;
				GCC_WARN_UNUSED_FUNCTION = YES;
				GCC_WARN_UNUSED_VARIABLE = YES;
				IPHONEOS_DEPLOYMENT_TARGET = 17.5;
				LOCALIZATION_PREFERS_STRING_CATALOGS = YES;
				MTL_ENABLE_DEBUG_INFO = INCLUDE_SOURCE;
				MTL_FAST_MATH = YES;
				ONLY_ACTIVE_ARCH = YES;
				SDKROOT = iphoneos;
				SWIFT_ACTIVE_COMPILATION_CONDITIONS = "DEBUG $(inherited)";
				SWIFT_OPTIMIZATION_LEVEL = "-Onone";
			};
			name = Debug;
		};
		B996098E2C4641E000BEDC03 /* Release */ = {
			isa = XCBuildConfiguration;
			buildSettings = {
				ALWAYS_SEARCH_USER_PATHS = NO;
				ASSETCATALOG_COMPILER_GENERATE_SWIFT_ASSET_SYMBOL_EXTENSIONS = YES;
				CLANG_ANALYZER_NONNULL = YES;
				CLANG_ANALYZER_NUMBER_OBJECT_CONVERSION = YES_AGGRESSIVE;
				CLANG_CXX_LANGUAGE_STANDARD = "gnu++20";
				CLANG_ENABLE_MODULES = YES;
				CLANG_ENABLE_OBJC_ARC = YES;
				CLANG_ENABLE_OBJC_WEAK = YES;
				CLANG_WARN_BLOCK_CAPTURE_AUTORELEASING = YES;
				CLANG_WARN_BOOL_CONVERSION = YES;
				CLANG_WARN_COMMA = YES;
				CLANG_WARN_CONSTANT_CONVERSION = YES;
				CLANG_WARN_DEPRECATED_OBJC_IMPLEMENTATIONS = YES;
				CLANG_WARN_DIRECT_OBJC_ISA_USAGE = YES_ERROR;
				CLANG_WARN_DOCUMENTATION_COMMENTS = YES;
				CLANG_WARN_EMPTY_BODY = YES;
				CLANG_WARN_ENUM_CONVERSION = YES;
				CLANG_WARN_INFINITE_RECURSION = YES;
				CLANG_WARN_INT_CONVERSION = YES;
				CLANG_WARN_NON_LITERAL_NULL_CONVERSION = YES;
				CLANG_WARN_OBJC_IMPLICIT_RETAIN_SELF = YES;
				CLANG_WARN_OBJC_LITERAL_CONVERSION = YES;
				CLANG_WARN_OBJC_ROOT_CLASS = YES_ERROR;
				CLANG_WARN_QUOTED_INCLUDE_IN_FRAMEWORK_HEADER = YES;
				CLANG_WARN_RANGE_LOOP_ANALYSIS = YES;
				CLANG_WARN_STRICT_PROTOTYPES = YES;
				CLANG_WARN_SUSPICIOUS_MOVE = YES;
				CLANG_WARN_UNGUARDED_AVAILABILITY = YES_AGGRESSIVE;
				CLANG_WARN_UNREACHABLE_CODE = YES;
				CLANG_WARN__DUPLICATE_METHOD_MATCH = YES;
				COPY_PHASE_STRIP = NO;
				DEBUG_INFORMATION_FORMAT = "dwarf-with-dsym";
				ENABLE_NS_ASSERTIONS = NO;
				ENABLE_STRICT_OBJC_MSGSEND = YES;
				ENABLE_USER_SCRIPT_SANDBOXING = YES;
				GCC_C_LANGUAGE_STANDARD = gnu17;
				GCC_NO_COMMON_BLOCKS = YES;
				GCC_WARN_64_TO_32_BIT_CONVERSION = YES;
				GCC_WARN_ABOUT_RETURN_TYPE = YES_ERROR;
				GCC_WARN_UNDECLARED_SELECTOR = YES;
				GCC_WARN_UNINITIALIZED_AUTOS = YES_AGGRESSIVE;
				GCC_WARN_UNUSED_FUNCTION = YES;
				GCC_WARN_UNUSED_VARIABLE = YES;
				IPHONEOS_DEPLOYMENT_TARGET = 17.5;
				LOCALIZATION_PREFERS_STRING_CATALOGS = YES;
				MTL_ENABLE_DEBUG_INFO = NO;
				MTL_FAST_MATH = YES;
				SDKROOT = iphoneos;
				SWIFT_COMPILATION_MODE = wholemodule;
				VALIDATE_PRODUCT = YES;
			};
			name = Release;
		};
		B99609902C4641E000BEDC03 /* Debug */ = {
			isa = XCBuildConfiguration;
			buildSettings = {
				ASSETCATALOG_COMPILER_APPICON_NAME = AppIcon;
				ASSETCATALOG_COMPILER_GLOBAL_ACCENT_COLOR_NAME = AccentColor;
				CODE_SIGN_IDENTITY = "Apple Development";
				CODE_SIGN_STYLE = Automatic;
				CURRENT_PROJECT_VERSION = 1;
				DEVELOPMENT_TEAM = "";
				GENERATE_INFOPLIST_FILE = YES;
				INFOPLIST_FILE = ToDoApp/Info.plist;
				INFOPLIST_KEY_UIApplicationSupportsIndirectInputEvents = YES;
				INFOPLIST_KEY_UILaunchStoryboardName = LaunchScreen;
				INFOPLIST_KEY_UIMainStoryboardFile = Main;
				INFOPLIST_KEY_UISupportedInterfaceOrientations = UIInterfaceOrientationPortrait;
				LD_RUNPATH_SEARCH_PATHS = (
					"$(inherited)",
					"@executable_path/Frameworks",
				);
				MARKETING_VERSION = 1.0;
				PRODUCT_BUNDLE_IDENTIFIER = com.example..ToDoApp;
				PRODUCT_NAME = "$(TARGET_NAME)";
				PROVISIONING_PROFILE_SPECIFIER = "";
				SWIFT_EMIT_LOC_STRINGS = YES;
				SWIFT_VERSION = 5.0;
				TARGETED_DEVICE_FAMILY = "1,2";
			};
			name = Debug;
		};
		B99609912C4641E000BEDC03 /* Release */ = {
			isa = XCBuildConfiguration;
			buildSettings = {
				ASSETCATALOG_COMPILER_APPICON_NAME = AppIcon;
				ASSETCATALOG_COMPILER_GLOBAL_ACCENT_COLOR_NAME = AccentColor;
				CODE_SIGN_IDENTITY = "Apple Development";
				CODE_SIGN_STYLE = Automatic;
				CURRENT_PROJECT_VERSION = 1;
				DEVELOPMENT_TEAM = "";
				GENERATE_INFOPLIST_FILE = YES;
				INFOPLIST_FILE = ToDoApp/Info.plist;
				INFOPLIST_KEY_UIApplicationSupportsIndirectInputEvents = YES;
				INFOPLIST_KEY_UILaunchStoryboardName = LaunchScreen;
				INFOPLIST_KEY_UIMainStoryboardFile = Main;
				INFOPLIST_KEY_UISupportedInterfaceOrientations = UIInterfaceOrientationPortrait;
				LD_RUNPATH_SEARCH_PATHS = (
					"$(inherited)",
					"@executable_path/Frameworks",
				);
				MARKETING_VERSION = 1.0;
				PRODUCT_BUNDLE_IDENTIFIER = com.example..ToDoApp;
				PRODUCT_NAME = "$(TARGET_NAME)";
				PROVISIONING_PROFILE_SPECIFIER = "";
				SWIFT_EMIT_LOC_STRINGS = YES;
				SWIFT_VERSION = 5.0;
				TARGETED_DEVICE_FAMILY = "1,2";
			};
			name = Release;
		};
/* End XCBuildConfiguration section */

/* Begin XCConfigurationList section */
		B99609732C4641DE00BEDC03 /* Build configuration list for PBXProject "ToDoApp" */ = {
			isa = XCConfigurationList;
			buildConfigurations = (
				B996098D2C4641E000BEDC03 /* Debug */,
				B996098E2C4641E000BEDC03 /* Release */,
			);
			defaultConfigurationIsVisible = 0;
			defaultConfigurationName = Release;
		};
		B996098F2C4641E000BEDC03 /* Build configuration list for PBXNativeTarget "ToDoApp" */ = {
			isa = XCConfigurationList;
			buildConfigurations = (
				B99609902C4641E000BEDC03 /* Debug */,
				B99609912C4641E000BEDC03 /* Release */,
			);
			defaultConfigurationIsVisible = 0;
			defaultConfigurationName = Release;
		};
/* End XCConfigurationList section */

/* Begin XCRemoteSwiftPackageReference section */
		B911EBD12C467939002FE790 /* XCRemoteSwiftPackageReference "firebase-ios-sdk" */ = {
			isa = XCRemoteSwiftPackageReference;
			repositoryURL = "https://github.com/firebase/firebase-ios-sdk";
			requirement = {
				kind = upToNextMajorVersion;
				minimumVersion = 10.29.0;
			};
		};
/* End XCRemoteSwiftPackageReference section */

/* Begin XCSwiftPackageProductDependency section */
		B911EBD22C467939002FE790 /* FirebaseAuth */ = {
			isa = XCSwiftPackageProductDependency;
			package = B911EBD12C467939002FE790 /* XCRemoteSwiftPackageReference "firebase-ios-sdk" */;
			productName = FirebaseAuth;
		};
		B911EBD42C467939002FE790 /* FirebaseAuthCombine-Community */ = {
			isa = XCSwiftPackageProductDependency;
			package = B911EBD12C467939002FE790 /* XCRemoteSwiftPackageReference "firebase-ios-sdk" */;
			productName = "FirebaseAuthCombine-Community";
		};
/* End XCSwiftPackageProductDependency section */

/* Begin XCVersionGroup section */
		B99609842C4641DE00BEDC03 /* ToDoApp.xcdatamodeld */ = {
			isa = XCVersionGroup;
			children = (
				B99609852C4641DE00BEDC03 /* ToDoApp.xcdatamodel */,
			);
			currentVersion = B99609852C4641DE00BEDC03 /* ToDoApp.xcdatamodel */;
			path = ToDoApp.xcdatamodeld;
			sourceTree = "<group>";
			versionGroupType = wrapper.xcdatamodel;
		};
/* End XCVersionGroup section */
	};
	rootObject = B99609702C4641DE00BEDC03 /* Project object */;
}
